Microsoft Visual Studio Solution File, Format Version 12.00
# Visual Studio 2013
VisualStudioVersion = 12.0.31101.0
MinimumVisualStudioVersion = 10.0.40219.1
Project("{2150E333-8FDC-42A3-9474-1A3956D46DE8}") = ".paket", ".paket", "{B16DCD5C-F3E1-44BF-B738-B884F8D52A9A}"
	ProjectSection(SolutionItems) = preProject
		paket.dependencies = paket.dependencies
		paket.lock = paket.lock
	EndProjectSection
EndProject
Project("{2150E333-8FDC-42A3-9474-1A3956D46DE8}") = "tests", "tests", "{6EB3F2B3-9D36-4E67-BAF3-6280C7036B3D}"
EndProject
Project("{F2A71F9B-5D33-465A-A702-920D77279786}") = "Exira.IIS.Tests", "tests\Exira.IIS.Tests\Exira.IIS.Tests.fsproj", "{9F489D8C-4057-41BE-92A2-D5208EF83A53}"
EndProject
Project("{2150E333-8FDC-42A3-9474-1A3956D46DE8}") = "src", "src", "{02C0BCE8-BF05-445F-89B2-819C37DA4372}"
EndProject
Project("{F2A71F9B-5D33-465A-A702-920D77279786}") = "Exira.IIS.Domain", "src\Exira.IIS.Domain\Exira.IIS.Domain.fsproj", "{33A96AD2-1A64-4D94-ABB0-289BFCB880F4}"
EndProject
Project("{F2A71F9B-5D33-465A-A702-920D77279786}") = "Exira.IIS", "src\Exira.IIS\Exira.IIS.fsproj", "{7207AF8E-5D26-4C1B-9388-4ECF16871D03}"
EndProject
Project("{F2A71F9B-5D33-465A-A702-920D77279786}") = "Exira.IIS.Contract", "src\Exira.IIS.Contract\Exira.IIS.Contract.fsproj", "{8F95E21D-2C91-42DE-B07E-181A49110A50}"
EndProject
Global
	GlobalSection(SolutionConfigurationPlatforms) = preSolution
		Debug|Any CPU = Debug|Any CPU
		Release|Any CPU = Release|Any CPU
	EndGlobalSection
	GlobalSection(ProjectConfigurationPlatforms) = postSolution
		{9F489D8C-4057-41BE-92A2-D5208EF83A53}.Debug|Any CPU.ActiveCfg = Debug|Any CPU
		{9F489D8C-4057-41BE-92A2-D5208EF83A53}.Debug|Any CPU.Build.0 = Debug|Any CPU
		{9F489D8C-4057-41BE-92A2-D5208EF83A53}.Release|Any CPU.ActiveCfg = Release|Any CPU
		{9F489D8C-4057-41BE-92A2-D5208EF83A53}.Release|Any CPU.Build.0 = Release|Any CPU
		{33A96AD2-1A64-4D94-ABB0-289BFCB880F4}.Debug|Any CPU.ActiveCfg = Debug|Any CPU
		{33A96AD2-1A64-4D94-ABB0-289BFCB880F4}.Debug|Any CPU.Build.0 = Debug|Any CPU
		{33A96AD2-1A64-4D94-ABB0-289BFCB880F4}.Release|Any CPU.ActiveCfg = Release|Any CPU
		{33A96AD2-1A64-4D94-ABB0-289BFCB880F4}.Release|Any CPU.Build.0 = Release|Any CPU
		{7207AF8E-5D26-4C1B-9388-4ECF16871D03}.Debug|Any CPU.ActiveCfg = Debug|Any CPU
		{7207AF8E-5D26-4C1B-9388-4ECF16871D03}.Debug|Any CPU.Build.0 = Debug|Any CPU
		{7207AF8E-5D26-4C1B-9388-4ECF16871D03}.Release|Any CPU.ActiveCfg = Release|Any CPU
		{7207AF8E-5D26-4C1B-9388-4ECF16871D03}.Release|Any CPU.Build.0 = Release|Any CPU
		{8F95E21D-2C91-42DE-B07E-181A49110A50}.Debug|Any CPU.ActiveCfg = Debug|Any CPU
		{8F95E21D-2C91-42DE-B07E-181A49110A50}.Debug|Any CPU.Build.0 = Debug|Any CPU
		{8F95E21D-2C91-42DE-B07E-181A49110A50}.Release|Any CPU.ActiveCfg = Release|Any CPU
		{8F95E21D-2C91-42DE-B07E-181A49110A50}.Release|Any CPU.Build.0 = Release|Any CPU
	EndGlobalSection
	GlobalSection(SolutionProperties) = preSolution
		HideSolutionNode = FALSE
	EndGlobalSection
	GlobalSection(NestedProjects) = preSolution
		{9F489D8C-4057-41BE-92A2-D5208EF83A53} = {6EB3F2B3-9D36-4E67-BAF3-6280C7036B3D}
		{33A96AD2-1A64-4D94-ABB0-289BFCB880F4} = {02C0BCE8-BF05-445F-89B2-819C37DA4372}
		{7207AF8E-5D26-4C1B-9388-4ECF16871D03} = {02C0BCE8-BF05-445F-89B2-819C37DA4372}
		{8F95E21D-2C91-42DE-B07E-181A49110A50} = {02C0BCE8-BF05-445F-89B2-819C37DA4372}
	EndGlobalSection
EndGlobal
